// !$*UTF8*$!
{
	archiveVersion = 1;
	classes = {
	};
	objectVersion = 56;
	objects = {

/* Begin PBXBuildFile section */
		B10000000000000000000001 /* AppDetailView.swift in Sources */ = {isa = PBXBuildFile; fileRef = A10000000000000000000001 /* AppDetailView.swift */; };
		B10000000000000000000002 /* AppDowngraderApp.swift in Sources */ = {isa = PBXBuildFile; fileRef = A10000000000000000000002 /* AppDowngraderApp.swift */; };
		B10000000000000000000003 /* AppState.swift in Sources */ = {isa = PBXBuildFile; fileRef = A10000000000000000000003 /* AppState.swift */; };
		B10000000000000000000004 /* AppStoreService.swift in Sources */ = {isa = PBXBuildFile; fileRef = A10000000000000000000004 /* AppStoreService.swift */; };
		B10000000000000000000005 /* ContentView.swift in Sources */ = {isa = PBXBuildFile; fileRef = A10000000000000000000005 /* ContentView.swift */; };
		B10000000000000000000006 /* DeviceService.swift in Sources */ = {isa = PBXBuildFile; fileRef = A10000000000000000000006 /* DeviceService.swift */; };
		B10000000000000000000007 /* MetadataCache.swift in Sources */ = {isa = PBXBuildFile; fileRef = A10000000000000000000007 /* MetadataCache.swift */; };
		B10000000000000000000008 /* Models.swift in Sources */ = {isa = PBXBuildFile; fileRef = A10000000000000000000008 /* Models.swift */; };
		B10000000000000000000009 /* Shell.swift in Sources */ = {isa = PBXBuildFile; fileRef = A10000000000000000000009 /* Shell.swift */; };
		B1000000000000000000000A /* AppIcon.png in Resources */ = {isa = PBXBuildFile; fileRef = A1000000000000000000000A /* AppIcon.png */; };
		B1000000000000000000000B /* bin in Resources */ = {isa = PBXBuildFile; fileRef = A1000000000000000000000B /* bin */; };
/* End PBXBuildFile section */

/* Begin PBXFileReference section */
		A10000000000000000000001 /* AppDetailView.swift */ = {isa = PBXFileReference; lastKnownFileType = sourcecode.swift; path = AppDetailView.swift; sourceTree = "<group>"; };
		A10000000000000000000002 /* AppDowngraderApp.swift */ = {isa = PBXFileReference; lastKnownFileType = sourcecode.swift; path = AppDowngraderApp.swift; sourceTree = "<group>"; };
		A10000000000000000000003 /* AppState.swift */ = {isa = PBXFileReference; lastKnownFileType = sourcecode.swift; path = AppState.swift; sourceTree = "<group>"; };
		A10000000000000000000004 /* AppStoreService.swift */ = {isa = PBXFileReference; lastKnownFileType = sourcecode.swift; path = AppStoreService.swift; sourceTree = "<group>"; };
		A10000000000000000000005 /* ContentView.swift */ = {isa = PBXFileReference; lastKnownFileType = sourcecode.swift; path = ContentView.swift; sourceTree = "<group>"; };
		A10000000000000000000006 /* DeviceService.swift */ = {isa = PBXFileReference; lastKnownFileType = sourcecode.swift; path = DeviceService.swift; sourceTree = "<group>"; };
		A10000000000000000000007 /* MetadataCache.swift */ = {isa = PBXFileReference; lastKnownFileType = sourcecode.swift; path = MetadataCache.swift; sourceTree = "<group>"; };
		A10000000000000000000008 /* Models.swift */ = {isa = PBXFileReference; lastKnownFileType = sourcecode.swift; path = Models.swift; sourceTree = "<group>"; };
		A10000000000000000000009 /* Shell.swift */ = {isa = PBXFileReference; lastKnownFileType = sourcecode.swift; path = Shell.swift; sourceTree = "<group>"; };
		A1000000000000000000000A /* AppIcon.png */ = {isa = PBXFileReference; lastKnownFileType = image.png; path = AppIcon.png; sourceTree = "<group>"; };
		A1000000000000000000000B /* bin */ = {isa = PBXFileReference; lastKnownFileType = folder; path = bin; sourceTree = "<group>"; };
		A1000000000000000000000C /* Info.plist */ = {isa = PBXFileReference; lastKnownFileType = text.plist.xml; path = Info.plist; sourceTree = "<group>"; };
		A1000000000000000000000D /* AppDowngrader.app */ = {isa = PBXFileReference; explicitFileType = wrapper.application; includeInIndex = 0; path = AppDowngrader.app; sourceTree = BUILT_PRODUCTS_DIR; };
/* End PBXFileReference section */

/* Begin PBXGroup section */
		C10000000000000000000001 = {
			isa = PBXGroup;
			children = (
				C10000000000000000000002 /* Sources */,
				A1000000000000000000000C /* Info.plist */,
				C10000000000000000000003 /* Products */,
			);
			sourceTree = "<group>";
		};
		C10000000000000000000002 /* Sources */ = {
			isa = PBXGroup;
			children = (
				A10000000000000000000002 /* AppDowngraderApp.swift */,
				A10000000000000000000003 /* AppState.swift */,
				A10000000000000000000008 /* Models.swift */,
				A10000000000000000000005 /* ContentView.swift */,
				A10000000000000000000001 /* AppDetailView.swift */,
				A10000000000000000000004 /* AppStoreService.swift */,
				A10000000000000000000006 /* DeviceService.swift */,
				A10000000000000000000009 /* Shell.swift */,
				A10000000000000000000007 /* MetadataCache.swift */,
				A1000000000000000000000A /* AppIcon.png */,
				A1000000000000000000000B /* bin */,
			);
			path = Sources;
			sourceTree = "<group>";
		};
		C10000000000000000000003 /* Products */ = {
			isa = PBXGroup;
			children = (
				A1000000000000000000000D /* AppDowngrader.app */,
			);
			name = Products;
			sourceTree = "<group>";
		};
/* End PBXGroup section */

/* Begin PBXNativeTarget section */
		D10000000000000000000001 /* AppDowngrader */ = {
			isa = PBXNativeTarget;
			buildConfigurationList = F10000000000000000000002 /* Build configuration list for PBXNativeTarget "AppDowngrader" */;
			buildPhases = (
				D10000000000000000000002 /* Sources */,
				D10000000000000000000003 /* Resources */,
				D10000000000000000000004 /* Sign Bundled Binaries */,
			);
			buildRules = (
			);
			dependencies = (
			);
			name = AppDowngrader;
			productName = AppDowngrader;
			productReference = A1000000000000000000000D /* AppDowngrader.app */;
			productType = "com.apple.product-type.application";
		};
/* End PBXNativeTarget section */

/* Begin PBXProject section */
		E10000000000000000000001 /* Project object */ = {
			isa = PBXProject;
			attributes = {
				BuildIndependentTargetsInParallel = 1;
				LastSwiftUpdateCheck = 1600;
				LastUpgradeCheck = 1600;
			};
			buildConfigurationList = F10000000000000000000001 /* Build configuration list for PBXProject "AppDowngrader" */;
			compatibilityVersion = "Xcode 14.0";
			developmentRegion = en;
			hasScannedForEncodings = 0;
			knownRegions = (
				en,
				Base,
			);
			mainGroup = C10000000000000000000001;
			productRefGroup = C10000000000000000000003 /* Products */;
			projectDirPath = "";
			projectRoot = "";
			targets = (
				D10000000000000000000001 /* AppDowngrader */,
			);
		};
/* End PBXProject section */

/* Begin PBXResourcesBuildPhase section */
		D10000000000000000000003 /* Resources */ = {
			isa = PBXResourcesBuildPhase;
			buildActionMask = 2147483647;
			files = (
				B1000000000000000000000A /* AppIcon.png in Resources */,
				B1000000000000000000000B /* bin in Resources */,
			);
			runOnlyForDeploymentPostprocessing = 0;
		};
/* End PBXResourcesBuildPhase section */

/* Begin PBXShellScriptBuildPhase section */
		D10000000000000000000004 /* Sign Bundled Binaries */ = {
			isa = PBXShellScriptBuildPhase;
			buildActionMask = 2147483647;
			files = (
			);
			inputPaths = (
			);
			name = "Sign Bundled Binaries";
			outputPaths = (
			);
			runOnlyForDeploymentPostprocessing = 0;
			shellPath = /bin/sh;
			shellScript = "# Sign bundled binaries with hardened runtime\nfor bin in \"${BUILT_PRODUCTS_DIR}/${CONTENTS_FOLDER_PATH}/Resources/bin/\"*; do\n  codesign --force --sign \"${EXPANDED_CODE_SIGN_IDENTITY}\" --options runtime \"$bin\"\ndone\n";
		};
/* End PBXShellScriptBuildPhase section */

/* Begin PBXSourcesBuildPhase section */
		D10000000000000000000002 /* Sources */ = {
			isa = PBXSourcesBuildPhase;
			buildActionMask = 2147483647;
			files = (
				B10000000000000000000001 /* AppDetailView.swift in Sources */,
				B10000000000000000000002 /* AppDowngraderApp.swift in Sources */,
				B10000000000000000000003 /* AppState.swift in Sources */,
				B10000000000000000000004 /* AppStoreService.swift in Sources */,
				B10000000000000000000005 /* ContentView.swift in Sources */,
				B10000000000000000000006 /* DeviceService.swift in Sources */,
				B10000000000000000000007 /* MetadataCache.swift in Sources */,
				B10000000000000000000008 /* Models.swift in Sources */,
				B10000000000000000000009 /* Shell.swift in Sources */,
			);
			runOnlyForDeploymentPostprocessing = 0;
		};
/* End PBXSourcesBuildPhase section */

/* Begin XCBuildConfiguration section */
		E10000000000000000000002 /* Debug */ = {
			isa = XCBuildConfiguration;
			buildSettings = {
				ALWAYS_SEARCH_USER_PATHS = NO;
				CLANG_ENABLE_MODULES = YES;
				COPY_PHASE_STRIP = NO;
				DEBUG_INFORMATION_FORMAT = dwarf;
				ENABLE_STRICT_OBJC_MSGSEND = YES;
				ENABLE_TESTABILITY = YES;
				GCC_DYNAMIC_NO_PIC = NO;
				GCC_OPTIMIZATION_LEVEL = 0;
				GCC_PREPROCESSOR_DEFINITIONS = (
					"DEBUG=1",
					"$(inherited)",
				);
				MACOSX_DEPLOYMENT_TARGET = 14.0;
				MTL_ENABLE_DEBUG_INFO = INCLUDE_SOURCE;
				ONLY_ACTIVE_ARCH = YES;
				SDKROOT = macosx;
				SWIFT_ACTIVE_COMPILATION_CONDITIONS = "$(inherited) DEBUG";
				SWIFT_OPTIMIZATION_LEVEL = "-Onone";
			};
			name = Debug;
		};
		E10000000000000000000003 /* Release */ = {
			isa = XCBuildConfiguration;
			buildSettings = {
				ALWAYS_SEARCH_USER_PATHS = NO;
				CLANG_ENABLE_MODULES = YES;
				COPY_PHASE_STRIP = NO;
				DEBUG_INFORMATION_FORMAT = "dwarf-with-dsym";
				ENABLE_NS_ASSERTIONS = NO;
				ENABLE_STRICT_OBJC_MSGSEND = YES;
				GCC_OPTIMIZATION_LEVEL = s;
				MACOSX_DEPLOYMENT_TARGET = 14.0;
				MTL_ENABLE_DEBUG_INFO = NO;
				SDKROOT = macosx;
				SWIFT_COMPILATION_MODE = wholemodule;
			};
			name = Release;
		};
		E10000000000000000000004 /* Debug */ = {
			isa = XCBuildConfiguration;
			buildSettings = {
				CODE_SIGN_ENTITLEMENTS = "AppDowngrader.entitlements";
				CODE_SIGN_STYLE = Automatic;
				COMBINE_HIDPI_IMAGES = YES;
				CURRENT_PROJECT_VERSION = 1;
				DEVELOPMENT_TEAM = N2X78TUUFG;
				ENABLE_APP_SANDBOX = NO;
				ENABLE_HARDENED_RUNTIME = YES;
				GENERATE_INFOPLIST_FILE = NO;
				INFOPLIST_FILE = Info.plist;
				MARKETING_VERSION = 0.0.1;
				PRODUCT_BUNDLE_IDENTIFIER = com.rxliuli.AppDowngrader;
				PRODUCT_NAME = "$(TARGET_NAME)";
				SWIFT_EMIT_LOC_STRINGS = YES;
				SWIFT_VERSION = 5.0;
			};
			name = Debug;
		};
		E10000000000000000000005 /* Release */ = {
			isa = XCBuildConfiguration;
			buildSettings = {
				CODE_SIGN_ENTITLEMENTS = "AppDowngrader.entitlements";
				CODE_SIGN_STYLE = Automatic;
				COMBINE_HIDPI_IMAGES = YES;
				CURRENT_PROJECT_VERSION = 1;
				DEVELOPMENT_TEAM = N2X78TUUFG;
				ENABLE_APP_SANDBOX = NO;
				ENABLE_HARDENED_RUNTIME = YES;
				GENERATE_INFOPLIST_FILE = NO;
				INFOPLIST_FILE = Info.plist;
				MARKETING_VERSION = 0.0.1;
				PRODUCT_BUNDLE_IDENTIFIER = com.rxliuli.AppDowngrader;
				PRODUCT_NAME = "$(TARGET_NAME)";
				SWIFT_EMIT_LOC_STRINGS = YES;
				SWIFT_VERSION = 5.0;
			};
			name = Release;
		};
/* End XCBuildConfiguration section */

/* Begin XCConfigurationList section */
		F10000000000000000000001 /* Build configuration list for PBXProject "AppDowngrader" */ = {
			isa = XCConfigurationList;
			buildConfigurations = (
				E10000000000000000000002 /* Debug */,
				E10000000000000000000003 /* Release */,
			);
			defaultConfigurationIsVisible = 0;
			defaultConfigurationName = Release;
		};
		F10000000000000000000002 /* Build configuration list for PBXNativeTarget "AppDowngrader" */ = {
			isa = XCConfigurationList;
			buildConfigurations = (
				E10000000000000000000004 /* Debug */,
				E10000000000000000000005 /* Release */,
			);
			defaultConfigurationIsVisible = 0;
			defaultConfigurationName = Release;
		};
/* End XCConfigurationList section */
	};
	rootObject = E10000000000000000000001 /* Project object */;
}
